
Microsoft Visual Studio Solution File, Format Version 12.00
# Visual Studio Version 16
VisualStudioVersion = 16.0.30225.117
MinimumVisualStudioVersion = 10.0.40219.1
Project("{FAE04EC0-301F-11D3-BF4B-00C04F79EFBC}") = "oef01", "oef01.csproj", "{75B86FC8-1AAA-42AE-A591-E0417970632A}"
EndProject
Global
	GlobalSection(SolutionConfigurationPlatforms) = preSolution
		Debug|Any CPU = Debug|Any CPU
		Release|Any CPU = Release|Any CPU
	EndGlobalSection
	GlobalSection(ProjectConfigurationPlatforms) = postSolution
		{75B86FC8-1AAA-42AE-A591-E0417970632A}.Debug|Any CPU.ActiveCfg = Debug|Any CPU
		{75B86FC8-1AAA-42AE-A591-E0417970632A}.Debug|Any CPU.Build.0 = Debug|Any CPU
		{75B86FC8-1AAA-42AE-A591-E0417970632A}.Release|Any CPU.ActiveCfg = Release|Any CPU
		{75B86FC8-1AAA-42AE-A591-E0417970632A}.Release|Any CPU.Build.0 = Release|Any CPU
	EndGlobalSection
	GlobalSection(SolutionProperties) = preSolution
		HideSolutionNode = FALSE
	EndGlobalSection
	GlobalSection(ExtensibilityGlobals) = postSolution
		SolutionGuid = {3519CC10-B459-4AFA-85B1-FCC4AF2B07E1}
	EndGlobalSection
EndGlobal
