
Microsoft Visual Studio Solution File, Format Version 12.00
# Visual Studio Version 16
VisualStudioVersion = 16.0.30225.117
MinimumVisualStudioVersion = 10.0.40219.1
Project("{FAE04EC0-301F-11D3-BF4B-00C04F79EFBC}") = "Oef04", "Oef04.csproj", "{BE47E2AF-7C52-449C-8848-D4A4645F8BA4}"
EndProject
Global
	GlobalSection(SolutionConfigurationPlatforms) = preSolution
		Debug|Any CPU = Debug|Any CPU
		Release|Any CPU = Release|Any CPU
	EndGlobalSection
	GlobalSection(ProjectConfigurationPlatforms) = postSolution
		{BE47E2AF-7C52-449C-8848-D4A4645F8BA4}.Debug|Any CPU.ActiveCfg = Debug|Any CPU
		{BE47E2AF-7C52-449C-8848-D4A4645F8BA4}.Debug|Any CPU.Build.0 = Debug|Any CPU
		{BE47E2AF-7C52-449C-8848-D4A4645F8BA4}.Release|Any CPU.ActiveCfg = Release|Any CPU
		{BE47E2AF-7C52-449C-8848-D4A4645F8BA4}.Release|Any CPU.Build.0 = Release|Any CPU
	EndGlobalSection
	GlobalSection(SolutionProperties) = preSolution
		HideSolutionNode = FALSE
	EndGlobalSection
	GlobalSection(ExtensibilityGlobals) = postSolution
		SolutionGuid = {2F1E61F3-769D-4A87-B56E-689CB7C85A8A}
	EndGlobalSection
EndGlobal
